
Microsoft Visual Studio Solution File, Format Version 12.00
# Visual Studio Version 17
VisualStudioVersion = 17.14.36623.8 d17.14
MinimumVisualStudioVersion = 10.0.40219.1
Project("{FAE04EC0-301F-11D3-BF4B-00C04F79EFBC}") = "BuenaCalculator", "BuenaCalculator.csproj", "{3D1F3A8C-AE7E-425F-867C-B6C09D77FDF8}"
EndProject
Global
	GlobalSection(SolutionConfigurationPlatforms) = preSolution
		Debug|Any CPU = Debug|Any CPU
		Release|Any CPU = Release|Any CPU
	EndGlobalSection
	GlobalSection(ProjectConfigurationPlatforms) = postSolution
		{3D1F3A8C-AE7E-425F-867C-B6C09D77FDF8}.Debug|Any CPU.ActiveCfg = Debug|Any CPU
		{3D1F3A8C-AE7E-425F-867C-B6C09D77FDF8}.Debug|Any CPU.Build.0 = Debug|Any CPU
		{3D1F3A8C-AE7E-425F-867C-B6C09D77FDF8}.Release|Any CPU.ActiveCfg = Release|Any CPU
		{3D1F3A8C-AE7E-425F-867C-B6C09D77FDF8}.Release|Any CPU.Build.0 = Release|Any CPU
	EndGlobalSection
	GlobalSection(SolutionProperties) = preSolution
		HideSolutionNode = FALSE
	EndGlobalSection
	GlobalSection(ExtensibilityGlobals) = postSolution
		SolutionGuid = {D54BC9BB-3C55-4493-BAE3-8FBCC4BD6D5E}
	EndGlobalSection
EndGlobal
